// !$*UTF8*$!
{
	archiveVersion = 1;
	classes = {
	};
	objectVersion = 56;
	objects = {

/* Begin PBXBuildFile section */
		15079C172C00B8A900F73CF8 /* AppDelegate.swift in Sources */ = {isa = PBXBuildFile; fileRef = 15079C162C00B8A900F73CF8 /* AppDelegate.swift */; };
		15079C192C00B8A900F73CF8 /* SceneDelegate.swift in Sources */ = {isa = PBXBuildFile; fileRef = 15079C182C00B8A900F73CF8 /* SceneDelegate.swift */; };
		15079C1B2C00B8A900F73CF8 /* ViewController.swift in Sources */ = {isa = PBXBuildFile; fileRef = 15079C1A2C00B8A900F73CF8 /* ViewController.swift */; };
		15079C202C00B8AB00F73CF8 /* Assets.xcassets in Resources */ = {isa = PBXBuildFile; fileRef = 15079C1F2C00B8AB00F73CF8 /* Assets.xcassets */; };
		15079C232C00B8AB00F73CF8 /* Base in Resources */ = {isa = PBXBuildFile; fileRef = 15079C222C00B8AB00F73CF8 /* Base */; };
		15079C2E2C00B8AB00F73CF8 /* ChoiceMateTests.swift in Sources */ = {isa = PBXBuildFile; fileRef = 15079C2D2C00B8AB00F73CF8 /* ChoiceMateTests.swift */; };
		15079C382C00B8AB00F73CF8 /* ChoiceMateUITests.swift in Sources */ = {isa = PBXBuildFile; fileRef = 15079C372C00B8AB00F73CF8 /* ChoiceMateUITests.swift */; };
		15079C3A2C00B8AB00F73CF8 /* ChoiceMateUITestsLaunchTests.swift in Sources */ = {isa = PBXBuildFile; fileRef = 15079C392C00B8AB00F73CF8 /* ChoiceMateUITestsLaunchTests.swift */; };
		15CD90C22C00C225008CA9B6 /* SecondViewController.swift in Sources */ = {isa = PBXBuildFile; fileRef = 15CD90C12C00C225008CA9B6 /* SecondViewController.swift */; };
/* End PBXBuildFile section */

/* Begin PBXContainerItemProxy section */
		15079C2A2C00B8AB00F73CF8 /* PBXContainerItemProxy */ = {
			isa = PBXContainerItemProxy;
			containerPortal = 15079C0B2C00B8A900F73CF8 /* Project object */;
			proxyType = 1;
			remoteGlobalIDString = 15079C122C00B8A900F73CF8;
			remoteInfo = ChoiceMate;
		};
		15079C342C00B8AB00F73CF8 /* PBXContainerItemProxy */ = {
			isa = PBXContainerItemProxy;
			containerPortal = 15079C0B2C00B8A900F73CF8 /* Project object */;
			proxyType = 1;
			remoteGlobalIDString = 15079C122C00B8A900F73CF8;
			remoteInfo = ChoiceMate;
		};
/* End PBXContainerItemProxy section */

/* Begin PBXFileReference section */
		15079C132C00B8A900F73CF8 /* ChoiceMate.app */ = {isa = PBXFileReference; explicitFileType = wrapper.application; includeInIndex = 0; path = ChoiceMate.app; sourceTree = BUILT_PRODUCTS_DIR; };
		15079C162C00B8A900F73CF8 /* AppDelegate.swift */ = {isa = PBXFileReference; lastKnownFileType = sourcecode.swift; path = AppDelegate.swift; sourceTree = "<group>"; };
		15079C182C00B8A900F73CF8 /* SceneDelegate.swift */ = {isa = PBXFileReference; lastKnownFileType = sourcecode.swift; path = SceneDelegate.swift; sourceTree = "<group>"; };
		15079C1A2C00B8A900F73CF8 /* ViewController.swift */ = {isa = PBXFileReference; lastKnownFileType = sourcecode.swift; path = ViewController.swift; sourceTree = "<group>"; };
		15079C1F2C00B8AB00F73CF8 /* Assets.xcassets */ = {isa = PBXFileReference; lastKnownFileType = folder.assetcatalog; path = Assets.xcassets; sourceTree = "<group>"; };
		15079C222C00B8AB00F73CF8 /* Base */ = {isa = PBXFileReference; lastKnownFileType = file.storyboard; name = Base; path = Base.lproj/LaunchScreen.storyboard; sourceTree = "<group>"; };
		15079C242C00B8AB00F73CF8 /* Info.plist */ = {isa = PBXFileReference; lastKnownFileType = text.plist.xml; path = Info.plist; sourceTree = "<group>"; };
		15079C292C00B8AB00F73CF8 /* ChoiceMateTests.xctest */ = {isa = PBXFileReference; explicitFileType = wrapper.cfbundle; includeInIndex = 0; path = ChoiceMateTests.xctest; sourceTree = BUILT_PRODUCTS_DIR; };
		15079C2D2C00B8AB00F73CF8 /* ChoiceMateTests.swift */ = {isa = PBXFileReference; lastKnownFileType = sourcecode.swift; path = ChoiceMateTests.swift; sourceTree = "<group>"; };
		15079C332C00B8AB00F73CF8 /* ChoiceMateUITests.xctest */ = {isa = PBXFileReference; explicitFileType = wrapper.cfbundle; includeInIndex = 0; path = ChoiceMateUITests.xctest; sourceTree = BUILT_PRODUCTS_DIR; };
		15079C372C00B8AB00F73CF8 /* ChoiceMateUITests.swift */ = {isa = PBXFileReference; lastKnownFileType = sourcecode.swift; path = ChoiceMateUITests.swift; sourceTree = "<group>"; };
		15079C392C00B8AB00F73CF8 /* ChoiceMateUITestsLaunchTests.swift */ = {isa = PBXFileReference; lastKnownFileType = sourcecode.swift; path = ChoiceMateUITestsLaunchTests.swift; sourceTree = "<group>"; };
		15CD90C12C00C225008CA9B6 /* SecondViewController.swift */ = {isa = PBXFileReference; lastKnownFileType = sourcecode.swift; path = SecondViewController.swift; sourceTree = "<group>"; };
/* End PBXFileReference section */

/* Begin PBXFrameworksBuildPhase section */
		15079C102C00B8A900F73CF8 /* Frameworks */ = {
			isa = PBXFrameworksBuildPhase;
			buildActionMask = 2147483647;
			files = (
			);
			runOnlyForDeploymentPostprocessing = 0;
		};
		15079C262C00B8AB00F73CF8 /* Frameworks */ = {
			isa = PBXFrameworksBuildPhase;
			buildActionMask = 2147483647;
			files = (
			);
			runOnlyForDeploymentPostprocessing = 0;
		};
		15079C302C00B8AB00F73CF8 /* Frameworks */ = {
			isa = PBXFrameworksBuildPhase;
			buildActionMask = 2147483647;
			files = (
			);
			runOnlyForDeploymentPostprocessing = 0;
		};
/* End PBXFrameworksBuildPhase section */

/* Begin PBXGroup section */
		15079C0A2C00B8A900F73CF8 = {
			isa = PBXGroup;
			children = (
				15079C152C00B8A900F73CF8 /* ChoiceMate */,
				15079C2C2C00B8AB00F73CF8 /* ChoiceMateTests */,
				15079C362C00B8AB00F73CF8 /* ChoiceMateUITests */,
				15079C142C00B8A900F73CF8 /* Products */,
			);
			sourceTree = "<group>";
		};
		15079C142C00B8A900F73CF8 /* Products */ = {
			isa = PBXGroup;
			children = (
				15079C132C00B8A900F73CF8 /* ChoiceMate.app */,
				15079C292C00B8AB00F73CF8 /* ChoiceMateTests.xctest */,
				15079C332C00B8AB00F73CF8 /* ChoiceMateUITests.xctest */,
			);
			name = Products;
			sourceTree = "<group>";
		};
		15079C152C00B8A900F73CF8 /* ChoiceMate */ = {
			isa = PBXGroup;
			children = (
				15CD90C72C00CDFC008CA9B6 /* New Group1 */,
				15CD90C62C00CCDF008CA9B6 /* New Group */,
				15079C182C00B8A900F73CF8 /* SceneDelegate.swift */,
				15079C1A2C00B8A900F73CF8 /* ViewController.swift */,
				15079C1F2C00B8AB00F73CF8 /* Assets.xcassets */,
				15079C212C00B8AB00F73CF8 /* LaunchScreen.storyboard */,
				15079C242C00B8AB00F73CF8 /* Info.plist */,
				15CD90C12C00C225008CA9B6 /* SecondViewController.swift */,
			);
			path = ChoiceMate;
			sourceTree = "<group>";
		};
		15079C2C2C00B8AB00F73CF8 /* ChoiceMateTests */ = {
			isa = PBXGroup;
			children = (
				15079C2D2C00B8AB00F73CF8 /* ChoiceMateTests.swift */,
			);
			path = ChoiceMateTests;
			sourceTree = "<group>";
		};
		15079C362C00B8AB00F73CF8 /* ChoiceMateUITests */ = {
			isa = PBXGroup;
			children = (
				15079C372C00B8AB00F73CF8 /* ChoiceMateUITests.swift */,
				15079C392C00B8AB00F73CF8 /* ChoiceMateUITestsLaunchTests.swift */,
			);
			path = ChoiceMateUITests;
			sourceTree = "<group>";
		};
		15CD90C62C00CCDF008CA9B6 /* New Group */ = {
			isa = PBXGroup;
			children = (
				15079C162C00B8A900F73CF8 /* AppDelegate.swift */,
			);
			path = "New Group";
			sourceTree = "<group>";
		};
		15CD90C72C00CDFC008CA9B6 /* New Group1 */ = {
			isa = PBXGroup;
			children = (
			);
			path = "New Group1";
			sourceTree = "<group>";
		};
/* End PBXGroup section */

/* Begin PBXNativeTarget section */
		15079C122C00B8A900F73CF8 /* ChoiceMate */ = {
			isa = PBXNativeTarget;
			buildConfigurationList = 15079C3D2C00B8AB00F73CF8 /* Build configuration list for PBXNativeTarget "ChoiceMate" */;
			buildPhases = (
				15079C0F2C00B8A900F73CF8 /* Sources */,
				15079C102C00B8A900F73CF8 /* Frameworks */,
				15079C112C00B8A900F73CF8 /* Resources */,
			);
			buildRules = (
			);
			dependencies = (
			);
			name = ChoiceMate;
			productName = ChoiceMate;
			productReference = 15079C132C00B8A900F73CF8 /* ChoiceMate.app */;
			productType = "com.apple.product-type.application";
		};
		15079C282C00B8AB00F73CF8 /* ChoiceMateTests */ = {
			isa = PBXNativeTarget;
			buildConfigurationList = 15079C402C00B8AB00F73CF8 /* Build configuration list for PBXNativeTarget "ChoiceMateTests" */;
			buildPhases = (
				15079C252C00B8AB00F73CF8 /* Sources */,
				15079C262C00B8AB00F73CF8 /* Frameworks */,
				15079C272C00B8AB00F73CF8 /* Resources */,
			);
			buildRules = (
			);
			dependencies = (
				15079C2B2C00B8AB00F73CF8 /* PBXTargetDependency */,
			);
			name = ChoiceMateTests;
			productName = ChoiceMateTests;
			productReference = 15079C292C00B8AB00F73CF8 /* ChoiceMateTests.xctest */;
			productType = "com.apple.product-type.bundle.unit-test";
		};
		15079C322C00B8AB00F73CF8 /* ChoiceMateUITests */ = {
			isa = PBXNativeTarget;
			buildConfigurationList = 15079C432C00B8AB00F73CF8 /* Build configuration list for PBXNativeTarget "ChoiceMateUITests" */;
			buildPhases = (
				15079C2F2C00B8AB00F73CF8 /* Sources */,
				15079C302C00B8AB00F73CF8 /* Frameworks */,
				15079C312C00B8AB00F73CF8 /* Resources */,
			);
			buildRules = (
			);
			dependencies = (
				15079C352C00B8AB00F73CF8 /* PBXTargetDependency */,
			);
			name = ChoiceMateUITests;
			productName = ChoiceMateUITests;
			productReference = 15079C332C00B8AB00F73CF8 /* ChoiceMateUITests.xctest */;
			productType = "com.apple.product-type.bundle.ui-testing";
		};
/* End PBXNativeTarget section */

/* Begin PBXProject section */
		15079C0B2C00B8A900F73CF8 /* Project object */ = {
			isa = PBXProject;
			attributes = {
				BuildIndependentTargetsInParallel = 1;
				LastSwiftUpdateCheck = 1540;
				LastUpgradeCheck = 1540;
				TargetAttributes = {
					15079C122C00B8A900F73CF8 = {
						CreatedOnToolsVersion = 15.4;
					};
					15079C282C00B8AB00F73CF8 = {
						CreatedOnToolsVersion = 15.4;
						TestTargetID = 15079C122C00B8A900F73CF8;
					};
					15079C322C00B8AB00F73CF8 = {
						CreatedOnToolsVersion = 15.4;
						TestTargetID = 15079C122C00B8A900F73CF8;
					};
				};
			};
			buildConfigurationList = 15079C0E2C00B8A900F73CF8 /* Build configuration list for PBXProject "ChoiceMate" */;
			compatibilityVersion = "Xcode 14.0";
			developmentRegion = en;
			hasScannedForEncodings = 0;
			knownRegions = (
				en,
				Base,
			);
			mainGroup = 15079C0A2C00B8A900F73CF8;
			productRefGroup = 15079C142C00B8A900F73CF8 /* Products */;
			projectDirPath = "";
			projectRoot = "";
			targets = (
				15079C122C00B8A900F73CF8 /* ChoiceMate */,
				15079C282C00B8AB00F73CF8 /* ChoiceMateTests */,
				15079C322C00B8AB00F73CF8 /* ChoiceMateUITests */,
			);
		};
/* End PBXProject section */

/* Begin PBXResourcesBuildPhase section */
		15079C112C00B8A900F73CF8 /* Resources */ = {
			isa = PBXResourcesBuildPhase;
			buildActionMask = 2147483647;
			files = (
				15079C202C00B8AB00F73CF8 /* Assets.xcassets in Resources */,
				15079C232C00B8AB00F73CF8 /* Base in Resources */,
			);
			runOnlyForDeploymentPostprocessing = 0;
		};
		15079C272C00B8AB00F73CF8 /* Resources */ = {
			isa = PBXResourcesBuildPhase;
			buildActionMask = 2147483647;
			files = (
			);
			runOnlyForDeploymentPostprocessing = 0;
		};
		15079C312C00B8AB00F73CF8 /* Resources */ = {
			isa = PBXResourcesBuildPhase;
			buildActionMask = 2147483647;
			files = (
			);
			runOnlyForDeploymentPostprocessing = 0;
		};
/* End PBXResourcesBuildPhase section */

/* Begin PBXSourcesBuildPhase section */
		15079C0F2C00B8A900F73CF8 /* Sources */ = {
			isa = PBXSourcesBuildPhase;
			buildActionMask = 2147483647;
			files = (
				15CD90C22C00C225008CA9B6 /* SecondViewController.swift in Sources */,
				15079C1B2C00B8A900F73CF8 /* ViewController.swift in Sources */,
				15079C172C00B8A900F73CF8 /* AppDelegate.swift in Sources */,
				15079C192C00B8A900F73CF8 /* SceneDelegate.swift in Sources */,
			);
			runOnlyForDeploymentPostprocessing = 0;
		};
		15079C252C00B8AB00F73CF8 /* Sources */ = {
			isa = PBXSourcesBuildPhase;
			buildActionMask = 2147483647;
			files = (
				15079C2E2C00B8AB00F73CF8 /* ChoiceMateTests.swift in Sources */,
			);
			runOnlyForDeploymentPostprocessing = 0;
		};
		15079C2F2C00B8AB00F73CF8 /* Sources */ = {
			isa = PBXSourcesBuildPhase;
			buildActionMask = 2147483647;
			files = (
				15079C3A2C00B8AB00F73CF8 /* ChoiceMateUITestsLaunchTests.swift in Sources */,
				15079C382C00B8AB00F73CF8 /* ChoiceMateUITests.swift in Sources */,
			);
			runOnlyForDeploymentPostprocessing = 0;
		};
/* End PBXSourcesBuildPhase section */

/* Begin PBXTargetDependency section */
		15079C2B2C00B8AB00F73CF8 /* PBXTargetDependency */ = {
			isa = PBXTargetDependency;
			target = 15079C122C00B8A900F73CF8 /* ChoiceMate */;
			targetProxy = 15079C2A2C00B8AB00F73CF8 /* PBXContainerItemProxy */;
		};
		15079C352C00B8AB00F73CF8 /* PBXTargetDependency */ = {
			isa = PBXTargetDependency;
			target = 15079C122C00B8A900F73CF8 /* ChoiceMate */;
			targetProxy = 15079C342C00B8AB00F73CF8 /* PBXContainerItemProxy */;
		};
/* End PBXTargetDependency section */

/* Begin PBXVariantGroup section */
		15079C212C00B8AB00F73CF8 /* LaunchScreen.storyboard */ = {
			isa = PBXVariantGroup;
			children = (
				15079C222C00B8AB00F73CF8 /* Base */,
			);
			name = LaunchScreen.storyboard;
			sourceTree = "<group>";
		};
/* End PBXVariantGroup section */

/* Begin XCBuildConfiguration section */
		15079C3B2C00B8AB00F73CF8 /* Debug */ = {
			isa = XCBuildConfiguration;
			buildSettings = {
				ALWAYS_SEARCH_USER_PATHS = NO;
				ASSETCATALOG_COMPILER_GENERATE_SWIFT_ASSET_SYMBOL_EXTENSIONS = YES;
				CLANG_ANALYZER_NONNULL = YES;
				CLANG_ANALYZER_NUMBER_OBJECT_CONVERSION = YES_AGGRESSIVE;
				CLANG_CXX_LANGUAGE_STANDARD = "gnu++20";
				CLANG_ENABLE_MODULES = YES;
				CLANG_ENABLE_OBJC_ARC = YES;
				CLANG_ENABLE_OBJC_WEAK = YES;
				CLANG_WARN_BLOCK_CAPTURE_AUTORELEASING = YES;
				CLANG_WARN_BOOL_CONVERSION = YES;
				CLANG_WARN_COMMA = YES;
				CLANG_WARN_CONSTANT_CONVERSION = YES;
				CLANG_WARN_DEPRECATED_OBJC_IMPLEMENTATIONS = YES;
				CLANG_WARN_DIRECT_OBJC_ISA_USAGE = YES_ERROR;
				CLANG_WARN_DOCUMENTATION_COMMENTS = YES;
				CLANG_WARN_EMPTY_BODY = YES;
				CLANG_WARN_ENUM_CONVERSION = YES;
				CLANG_WARN_INFINITE_RECURSION = YES;
				CLANG_WARN_INT_CONVERSION = YES;
				CLANG_WARN_NON_LITERAL_NULL_CONVERSION = YES;
				CLANG_WARN_OBJC_IMPLICIT_RETAIN_SELF = YES;
				CLANG_WARN_OBJC_LITERAL_CONVERSION = YES;
				CLANG_WARN_OBJC_ROOT_CLASS = YES_ERROR;
				CLANG_WARN_QUOTED_INCLUDE_IN_FRAMEWORK_HEADER = YES;
				CLANG_WARN_RANGE_LOOP_ANALYSIS = YES;
				CLANG_WARN_STRICT_PROTOTYPES = YES;
				CLANG_WARN_SUSPICIOUS_MOVE = YES;
				CLANG_WARN_UNGUARDED_AVAILABILITY = YES_AGGRESSIVE;
				CLANG_WARN_UNREACHABLE_CODE = YES;
				CLANG_WARN__DUPLICATE_METHOD_MATCH = YES;
				COPY_PHASE_STRIP = NO;
				DEBUG_INFORMATION_FORMAT = dwarf;
				ENABLE_STRICT_OBJC_MSGSEND = YES;
				ENABLE_TESTABILITY = YES;
				ENABLE_USER_SCRIPT_SANDBOXING = YES;
				GCC_C_LANGUAGE_STANDARD = gnu17;
				GCC_DYNAMIC_NO_PIC = NO;
				GCC_NO_COMMON_BLOCKS = YES;
				GCC_OPTIMIZATION_LEVEL = 0;
				GCC_PREPROCESSOR_DEFINITIONS = (
					"DEBUG=1",
					"$(inherited)",
				);
				GCC_WARN_64_TO_32_BIT_CONVERSION = YES;
				GCC_WARN_ABOUT_RETURN_TYPE = YES_ERROR;
				GCC_WARN_UNDECLARED_SELECTOR = YES;
				GCC_WARN_UNINITIALIZED_AUTOS = YES_AGGRESSIVE;
				GCC_WARN_UNUSED_FUNCTION = YES;
				GCC_WARN_UNUSED_VARIABLE = YES;
				IPHONEOS_DEPLOYMENT_TARGET = 17.5;
				LOCALIZATION_PREFERS_STRING_CATALOGS = YES;
				MTL_ENABLE_DEBUG_INFO = INCLUDE_SOURCE;
				MTL_FAST_MATH = YES;
				ONLY_ACTIVE_ARCH = YES;
				SDKROOT = iphoneos;
				SWIFT_ACTIVE_COMPILATION_CONDITIONS = "DEBUG $(inherited)";
				SWIFT_OPTIMIZATION_LEVEL = "-Onone";
			};
			name = Debug;
		};
		15079C3C2C00B8AB00F73CF8 /* Release */ = {
			isa = XCBuildConfiguration;
			buildSettings = {
				ALWAYS_SEARCH_USER_PATHS = NO;
				ASSETCATALOG_COMPILER_GENERATE_SWIFT_ASSET_SYMBOL_EXTENSIONS = YES;
				CLANG_ANALYZER_NONNULL = YES;
				CLANG_ANALYZER_NUMBER_OBJECT_CONVERSION = YES_AGGRESSIVE;
				CLANG_CXX_LANGUAGE_STANDARD = "gnu++20";
				CLANG_ENABLE_MODULES = YES;
				CLANG_ENABLE_OBJC_ARC = YES;
				CLANG_ENABLE_OBJC_WEAK = YES;
				CLANG_WARN_BLOCK_CAPTURE_AUTORELEASING = YES;
				CLANG_WARN_BOOL_CONVERSION = YES;
				CLANG_WARN_COMMA = YES;
				CLANG_WARN_CONSTANT_CONVERSION = YES;
				CLANG_WARN_DEPRECATED_OBJC_IMPLEMENTATIONS = YES;
				CLANG_WARN_DIRECT_OBJC_ISA_USAGE = YES_ERROR;
				CLANG_WARN_DOCUMENTATION_COMMENTS = YES;
				CLANG_WARN_EMPTY_BODY = YES;
				CLANG_WARN_ENUM_CONVERSION = YES;
				CLANG_WARN_INFINITE_RECURSION = YES;
				CLANG_WARN_INT_CONVERSION = YES;
				CLANG_WARN_NON_LITERAL_NULL_CONVERSION = YES;
				CLANG_WARN_OBJC_IMPLICIT_RETAIN_SELF = YES;
				CLANG_WARN_OBJC_LITERAL_CONVERSION = YES;
				CLANG_WARN_OBJC_ROOT_CLASS = YES_ERROR;
				CLANG_WARN_QUOTED_INCLUDE_IN_FRAMEWORK_HEADER = YES;
				CLANG_WARN_RANGE_LOOP_ANALYSIS = YES;
				CLANG_WARN_STRICT_PROTOTYPES = YES;
				CLANG_WARN_SUSPICIOUS_MOVE = YES;
				CLANG_WARN_UNGUARDED_AVAILABILITY = YES_AGGRESSIVE;
				CLANG_WARN_UNREACHABLE_CODE = YES;
				CLANG_WARN__DUPLICATE_METHOD_MATCH = YES;
				COPY_PHASE_STRIP = NO;
				DEBUG_INFORMATION_FORMAT = "dwarf-with-dsym";
				ENABLE_NS_ASSERTIONS = NO;
				ENABLE_STRICT_OBJC_MSGSEND = YES;
				ENABLE_USER_SCRIPT_SANDBOXING = YES;
				GCC_C_LANGUAGE_STANDARD = gnu17;
				GCC_NO_COMMON_BLOCKS = YES;
				GCC_WARN_64_TO_32_BIT_CONVERSION = YES;
				GCC_WARN_ABOUT_RETURN_TYPE = YES_ERROR;
				GCC_WARN_UNDECLARED_SELECTOR = YES;
				GCC_WARN_UNINITIALIZED_AUTOS = YES_AGGRESSIVE;
				GCC_WARN_UNUSED_FUNCTION = YES;
				GCC_WARN_UNUSED_VARIABLE = YES;
				IPHONEOS_DEPLOYMENT_TARGET = 17.5;
				LOCALIZATION_PREFERS_STRING_CATALOGS = YES;
				MTL_ENABLE_DEBUG_INFO = NO;
				MTL_FAST_MATH = YES;
				SDKROOT = iphoneos;
				SWIFT_COMPILATION_MODE = wholemodule;
				VALIDATE_PRODUCT = YES;
			};
			name = Release;
		};
		15079C3E2C00B8AB00F73CF8 /* Debug */ = {
			isa = XCBuildConfiguration;
			buildSettings = {
				ASSETCATALOG_COMPILER_APPICON_NAME = AppIcon;
				ASSETCATALOG_COMPILER_GLOBAL_ACCENT_COLOR_NAME = AccentColor;
				CODE_SIGN_STYLE = Automatic;
				CURRENT_PROJECT_VERSION = 1;
				DEVELOPMENT_TEAM = ZZ2J234JWU;
				GENERATE_INFOPLIST_FILE = YES;
				INFOPLIST_FILE = ChoiceMate/Info.plist;
				INFOPLIST_KEY_UIApplicationSupportsIndirectInputEvents = YES;
				INFOPLIST_KEY_UILaunchStoryboardName = LaunchScreen;
				INFOPLIST_KEY_UISupportedInterfaceOrientations_iPad = "UIInterfaceOrientationPortrait UIInterfaceOrientationPortraitUpsideDown UIInterfaceOrientationLandscapeLeft UIInterfaceOrientationLandscapeRight";
				INFOPLIST_KEY_UISupportedInterfaceOrientations_iPhone = "UIInterfaceOrientationPortrait UIInterfaceOrientationLandscapeLeft UIInterfaceOrientationLandscapeRight";
				LD_RUNPATH_SEARCH_PATHS = (
					"$(inherited)",
					"@executable_path/Frameworks",
				);
				MARKETING_VERSION = 1.0;
				PRODUCT_BUNDLE_IDENTIFIER = com.example.ElCruzo.ChoiceMate;
				PRODUCT_NAME = "$(TARGET_NAME)";
				SWIFT_EMIT_LOC_STRINGS = YES;
				SWIFT_VERSION = 5.0;
				TARGETED_DEVICE_FAMILY = "1,2";
			};
			name = Debug;
		};
		15079C3F2C00B8AB00F73CF8 /* Release */ = {
			isa = XCBuildConfiguration;
			buildSettings = {
				ASSETCATALOG_COMPILER_APPICON_NAME = AppIcon;
				ASSETCATALOG_COMPILER_GLOBAL_ACCENT_COLOR_NAME = AccentColor;
				CODE_SIGN_STYLE = Automatic;
				CURRENT_PROJECT_VERSION = 1;
				DEVELOPMENT_TEAM = ZZ2J234JWU;
				GENERATE_INFOPLIST_FILE = YES;
				INFOPLIST_FILE = ChoiceMate/Info.plist;
				INFOPLIST_KEY_UIApplicationSupportsIndirectInputEvents = YES;
				INFOPLIST_KEY_UILaunchStoryboardName = LaunchScreen;
				INFOPLIST_KEY_UISupportedInterfaceOrientations_iPad = "UIInterfaceOrientationPortrait UIInterfaceOrientationPortraitUpsideDown UIInterfaceOrientationLandscapeLeft UIInterfaceOrientationLandscapeRight";
				INFOPLIST_KEY_UISupportedInterfaceOrientations_iPhone = "UIInterfaceOrientationPortrait UIInterfaceOrientationLandscapeLeft UIInterfaceOrientationLandscapeRight";
				LD_RUNPATH_SEARCH_PATHS = (
					"$(inherited)",
					"@executable_path/Frameworks",
				);
				MARKETING_VERSION = 1.0;
				PRODUCT_BUNDLE_IDENTIFIER = com.example.ElCruzo.ChoiceMate;
				PRODUCT_NAME = "$(TARGET_NAME)";
				SWIFT_EMIT_LOC_STRINGS = YES;
				SWIFT_VERSION = 5.0;
				TARGETED_DEVICE_FAMILY = "1,2";
			};
			name = Release;
		};
		15079C412C00B8AB00F73CF8 /* Debug */ = {
			isa = XCBuildConfiguration;
			buildSettings = {
				ALWAYS_EMBED_SWIFT_STANDARD_LIBRARIES = YES;
				BUNDLE_LOADER = "$(TEST_HOST)";
				CODE_SIGN_STYLE = Automatic;
				CURRENT_PROJECT_VERSION = 1;
				DEVELOPMENT_TEAM = ZZ2J234JWU;
				GENERATE_INFOPLIST_FILE = YES;
				IPHONEOS_DEPLOYMENT_TARGET = 17.5;
				MARKETING_VERSION = 1.0;
				PRODUCT_BUNDLE_IDENTIFIER = com.example.ElCruzo.ChoiceMateTests;
				PRODUCT_NAME = "$(TARGET_NAME)";
				SWIFT_EMIT_LOC_STRINGS = NO;
				SWIFT_VERSION = 5.0;
				TARGETED_DEVICE_FAMILY = "1,2";
				TEST_HOST = "$(BUILT_PRODUCTS_DIR)/ChoiceMate.app/$(BUNDLE_EXECUTABLE_FOLDER_PATH)/ChoiceMate";
			};
			name = Debug;
		};
		15079C422C00B8AB00F73CF8 /* Release */ = {
			isa = XCBuildConfiguration;
			buildSettings = {
				ALWAYS_EMBED_SWIFT_STANDARD_LIBRARIES = YES;
				BUNDLE_LOADER = "$(TEST_HOST)";
				CODE_SIGN_STYLE = Automatic;
				CURRENT_PROJECT_VERSION = 1;
				DEVELOPMENT_TEAM = ZZ2J234JWU;
				GENERATE_INFOPLIST_FILE = YES;
				IPHONEOS_DEPLOYMENT_TARGET = 17.5;
				MARKETING_VERSION = 1.0;
				PRODUCT_BUNDLE_IDENTIFIER = com.example.ElCruzo.ChoiceMateTests;
				PRODUCT_NAME = "$(TARGET_NAME)";
				SWIFT_EMIT_LOC_STRINGS = NO;
				SWIFT_VERSION = 5.0;
				TARGETED_DEVICE_FAMILY = "1,2";
				TEST_HOST = "$(BUILT_PRODUCTS_DIR)/ChoiceMate.app/$(BUNDLE_EXECUTABLE_FOLDER_PATH)/ChoiceMate";
			};
			name = Release;
		};
		15079C442C00B8AB00F73CF8 /* Debug */ = {
			isa = XCBuildConfiguration;
			buildSettings = {
				ALWAYS_EMBED_SWIFT_STANDARD_LIBRARIES = YES;
				CODE_SIGN_STYLE = Automatic;
				CURRENT_PROJECT_VERSION = 1;
				DEVELOPMENT_TEAM = ZZ2J234JWU;
				GENERATE_INFOPLIST_FILE = YES;
				MARKETING_VERSION = 1.0;
				PRODUCT_BUNDLE_IDENTIFIER = com.example.ElCruzo.ChoiceMateUITests;
				PRODUCT_NAME = "$(TARGET_NAME)";
				SWIFT_EMIT_LOC_STRINGS = NO;
				SWIFT_VERSION = 5.0;
				TARGETED_DEVICE_FAMILY = "1,2";
				TEST_TARGET_NAME = ChoiceMate;
			};
			name = Debug;
		};
		15079C452C00B8AB00F73CF8 /* Release */ = {
			isa = XCBuildConfiguration;
			buildSettings = {
				ALWAYS_EMBED_SWIFT_STANDARD_LIBRARIES = YES;
				CODE_SIGN_STYLE = Automatic;
				CURRENT_PROJECT_VERSION = 1;
				DEVELOPMENT_TEAM = ZZ2J234JWU;
				GENERATE_INFOPLIST_FILE = YES;
				MARKETING_VERSION = 1.0;
				PRODUCT_BUNDLE_IDENTIFIER = com.example.ElCruzo.ChoiceMateUITests;
				PRODUCT_NAME = "$(TARGET_NAME)";
				SWIFT_EMIT_LOC_STRINGS = NO;
				SWIFT_VERSION = 5.0;
				TARGETED_DEVICE_FAMILY = "1,2";
				TEST_TARGET_NAME = ChoiceMate;
			};
			name = Release;
		};
/* End XCBuildConfiguration section */

/* Begin XCConfigurationList section */
		15079C0E2C00B8A900F73CF8 /* Build configuration list for PBXProject "ChoiceMate" */ = {
			isa = XCConfigurationList;
			buildConfigurations = (
				15079C3B2C00B8AB00F73CF8 /* Debug */,
				15079C3C2C00B8AB00F73CF8 /* Release */,
			);
			defaultConfigurationIsVisible = 0;
			defaultConfigurationName = Release;
		};
		15079C3D2C00B8AB00F73CF8 /* Build configuration list for PBXNativeTarget "ChoiceMate" */ = {
			isa = XCConfigurationList;
			buildConfigurations = (
				15079C3E2C00B8AB00F73CF8 /* Debug */,
				15079C3F2C00B8AB00F73CF8 /* Release */,
			);
			defaultConfigurationIsVisible = 0;
			defaultConfigurationName = Release;
		};
		15079C402C00B8AB00F73CF8 /* Build configuration list for PBXNativeTarget "ChoiceMateTests" */ = {
			isa = XCConfigurationList;
			buildConfigurations = (
				15079C412C00B8AB00F73CF8 /* Debug */,
				15079C422C00B8AB00F73CF8 /* Release */,
			);
			defaultConfigurationIsVisible = 0;
			defaultConfigurationName = Release;
		};
		15079C432C00B8AB00F73CF8 /* Build configuration list for PBXNativeTarget "ChoiceMateUITests" */ = {
			isa = XCConfigurationList;
			buildConfigurations = (
				15079C442C00B8AB00F73CF8 /* Debug */,
				15079C452C00B8AB00F73CF8 /* Release */,
			);
			defaultConfigurationIsVisible = 0;
			defaultConfigurationName = Release;
		};
/* End XCConfigurationList section */
	};
	rootObject = 15079C0B2C00B8A900F73CF8 /* Project object */;
}
